
Microsoft Visual Studio Solution File, Format Version 12.00
# Visual Studio Version 17
VisualStudioVersion = 17.6.33829.357
MinimumVisualStudioVersion = 10.0.40219.1
Project("{FAE04EC0-301F-11D3-BF4B-00C04F79EFBC}") = "WebApplication9", "WebApplication9\WebApplication9.csproj", "{14BE50F5-5C05-4F50-836A-7DD52D66297C}"
EndProject
Global
	GlobalSection(SolutionConfigurationPlatforms) = preSolution
		Debug|Any CPU = Debug|Any CPU
		Release|Any CPU = Release|Any CPU
	EndGlobalSection
	GlobalSection(ProjectConfigurationPlatforms) = postSolution
		{14BE50F5-5C05-4F50-836A-7DD52D66297C}.Debug|Any CPU.ActiveCfg = Debug|Any CPU
		{14BE50F5-5C05-4F50-836A-7DD52D66297C}.Debug|Any CPU.Build.0 = Debug|Any CPU
		{14BE50F5-5C05-4F50-836A-7DD52D66297C}.Release|Any CPU.ActiveCfg = Release|Any CPU
		{14BE50F5-5C05-4F50-836A-7DD52D66297C}.Release|Any CPU.Build.0 = Release|Any CPU
	EndGlobalSection
	GlobalSection(SolutionProperties) = preSolution
		HideSolutionNode = FALSE
	EndGlobalSection
	GlobalSection(ExtensibilityGlobals) = postSolution
		SolutionGuid = {454E54CE-2B46-46A8-A94E-3C85538C963F}
	EndGlobalSection
EndGlobal
